
Microsoft Visual Studio Solution File, Format Version 12.00
# Visual Studio Version 16
VisualStudioVersion = 16.0.31112.23
MinimumVisualStudioVersion = 10.0.40219.1
Project("{FAE04EC0-301F-11D3-BF4B-00C04F79EFBC}") = "ConsoleApp3", "ConsoleApp3\ConsoleApp3.csproj", "{AF9ABDB5-AE42-4FB4-8AE0-FBE6B2ABA489}"
EndProject
Global
	GlobalSection(SolutionConfigurationPlatforms) = preSolution
		Debug|Any CPU = Debug|Any CPU
		Release|Any CPU = Release|Any CPU
	EndGlobalSection
	GlobalSection(ProjectConfigurationPlatforms) = postSolution
		{AF9ABDB5-AE42-4FB4-8AE0-FBE6B2ABA489}.Debug|Any CPU.ActiveCfg = Debug|Any CPU
		{AF9ABDB5-AE42-4FB4-8AE0-FBE6B2ABA489}.Debug|Any CPU.Build.0 = Debug|Any CPU
		{AF9ABDB5-AE42-4FB4-8AE0-FBE6B2ABA489}.Release|Any CPU.ActiveCfg = Release|Any CPU
		{AF9ABDB5-AE42-4FB4-8AE0-FBE6B2ABA489}.Release|Any CPU.Build.0 = Release|Any CPU
	EndGlobalSection
	GlobalSection(SolutionProperties) = preSolution
		HideSolutionNode = FALSE
	EndGlobalSection
	GlobalSection(ExtensibilityGlobals) = postSolution
		SolutionGuid = {C1238FD1-0602-40B2-AE78-B3BD8845A644}
	EndGlobalSection
EndGlobal
